{
  "version": 4,
  "terraform_version": "1.9.8",
  "serial": 265,
  "lineage": "141c2541-3bed-f6a1-3e2b-9d6d77d6dd6f",
  "outputs": {},
  "resources": [
    {
      "module": "module.eks",
      "mode": "managed",
      "type": "aws_eks_cluster",
      "name": "this",
      "provider": "provider[\"registry.terraform.io/hashicorp/aws\"]",
      "instances": [
        {
          "schema_version": 1,
          "attributes": {
            "access_config": [
              {
                "authentication_mode": "CONFIG_MAP",
                "bootstrap_cluster_creator_admin_permissions": true
              }
            ],
            "arn": "arn:aws:eks:us-west-2:674541888232:cluster/python-eks-cluster",
            "bootstrap_self_managed_addons": true,
            "certificate_authority": [
              {
                "data": "LS0tLS1CRUdJTiBDRVJUSUZJQ0FURS0tLS0tCk1JSURCVENDQWUyZ0F3SUJBZ0lJVTNkeDUzQlk5Z013RFFZSktvWklodmNOQVFFTEJRQXdGVEVUTUJFR0ExVUUKQXhNS2EzVmlaWEp1WlhSbGN6QWVGdzB5TkRFeU1UTXhOakl6TlRWYUZ3MHpOREV5TVRFeE5qSTROVFZhTUJVeApFekFSQmdOVkJBTVRDbXQxWW1WeWJtVjBaWE13Z2dFaU1BMEdDU3FHU0liM0RRRUJBUVVBQTRJQkR3QXdnZ0VLCkFvSUJBUURTVVJMaHA5a05SZTBGU0VFSVFqdnhXd0tqWFdvSXZYRUE5NEhxNjNwMVR1U2NoSDQ4TWVPKytDT2QKL0RIdGJlejdlRUxDb1pxZGdRT2hZbXptdDBHSE1YR3I1V3k4R0RlL1lSVlZvalQvV0xnQldvMGJMVFhsQzdBWApOcm56RklRNXQvT283OWtkU1NuejRnTm5YU3lBT01iY1RGQkVDUTB1WUVML21ZVjBKVnpBRUJ6NnJLL3BUWkR0CmkwalBMZ0JLc25zd3d3ZmxHRlUyZUVZWkJnSXJaa0dxTFhTNnQ5cHZ5Q2o4RFpkekt1R05CdVZUUGZPbjY1Z1QKK2gzSm9qMjNrQUNOQ1MwUVFTdGc3YmJKdVR2TFRCQW01cTJLWXFQMmdvMXBVVU5lQUtyNmcxRk9IeUpNTkZPVgpPL05POFVBTzdrc3lLNzk0b0dieTBzVjVaTk5IQWdNQkFBR2pXVEJYTUE0R0ExVWREd0VCL3dRRUF3SUNwREFQCkJnTlZIUk1CQWY4RUJUQURBUUgvTUIwR0ExVWREZ1FXQkJSRitsc0RsWHIyODlhUjJyZmQ5RWF4NktrbTN6QVYKQmdOVkhSRUVEakFNZ2dwcmRXSmxjbTVsZEdWek1BMEdDU3FHU0liM0RRRUJDd1VBQTRJQkFRQVBNZVFndnFLUQp4VHMrV1ZKYnlRK203akpoTHlmdU81cjFqZzZXZDd6cEkwL2p5UXFmYjFWSXBFMTFLNlJ6bHI1SlJsS0IwMENhClBSOUlTK1BGNTBLZWZaV2xWTWtPWldZZUxMS1BIc1hTejhMRWIvQUJHRTBWTVZYQjdUS2VoM2NJZ1d5RUczR1cKM1EvRXloYVhZblVuM1BwTGhlZzVRM09DVjMxRlB3ZWt5ZVhmMmN3R3YwcnRqVUxSV1JUbUxWczJJUEZCK1Vxdwp0bXNoV0V0VGVBeEpHYlhTdXAyWUZNaTZMVDZZNXI2ZHUrWW4wUHBaZ01WYXg5Z1ZqU3VSMGsxYmNZbVZYRFg1ClNBZ0hIVit5Q1FadlpDbnFhZVpIckpGa3pFL3BFbk4raTliUVAzdW9XSHB4WG9zNXFVc0RHWXBsdTdYVzB0cE4KanlNU0xqbEdsZEZ6Ci0tLS0tRU5EIENFUlRJRklDQVRFLS0tLS0K"
              }
            ],
            "cluster_id": null,
            "compute_config": [],
            "created_at": "2024-12-13T16:24:49Z",
            "enabled_cluster_log_types": null,
            "encryption_config": [],
            "endpoint": "https://DAC115ACBA5BEADC25B77CC2F3CE6EDD.sk1.us-west-2.eks.amazonaws.com",
            "id": "python-eks-cluster",
            "identity": [
              {
                "oidc": [
                  {
                    "issuer": "https://oidc.eks.us-west-2.amazonaws.com/id/DAC115ACBA5BEADC25B77CC2F3CE6EDD"
                  }
                ]
              }
            ],
            "kubernetes_network_config": [
              {
                "elastic_load_balancing": [
                  {
                    "enabled": false
                  }
                ],
                "ip_family": "ipv4",
                "service_ipv4_cidr": "172.20.0.0/16",
                "service_ipv6_cidr": ""
              }
            ],
            "name": "python-eks-cluster",
            "outpost_config": [],
            "platform_version": "eks.15",
            "remote_network_config": [],
            "role_arn": "arn:aws:iam::674541888232:role/eks_cluster_role",
            "status": "ACTIVE",
            "storage_config": [],
            "tags": null,
            "tags_all": {},
            "timeouts": null,
            "upgrade_policy": [
              {
                "support_type": "EXTENDED"
              }
            ],
            "version": "1.31",
            "vpc_config": [
              {
                "cluster_security_group_id": "sg-08e778b3b41729647",
                "endpoint_private_access": false,
                "endpoint_public_access": true,
                "public_access_cidrs": [
                  "0.0.0.0/0"
                ],
                "security_group_ids": null,
                "subnet_ids": [
                  "subnet-0d2a752f61ed24ed9",
                  "subnet-0e17922d0c402bc9e"
                ],
                "vpc_id": "vpc-0588a048678eb1be1"
              }
            ],
            "zonal_shift_config": []
          },
          "sensitive_attributes": [],
          "private": "eyJlMmJmYjczMC1lY2FhLTExZTYtOGY4OC0zNDM2M2JjN2M0YzAiOnsiY3JlYXRlIjoxODAwMDAwMDAwMDAwLCJkZWxldGUiOjkwMDAwMDAwMDAwMCwidXBkYXRlIjozNjAwMDAwMDAwMDAwfSwic2NoZW1hX3ZlcnNpb24iOiIxIn0=",
          "dependencies": [
            "module.iam.aws_iam_role.eks_cluster_role",
            "module.vpc.aws_subnet.public",
            "module.vpc.aws_vpc.this"
          ]
        }
      ]
    },
    {
      "module": "module.eks_workers",
      "mode": "data",
      "type": "template_file",
      "name": "user_data",
      "provider": "provider[\"registry.terraform.io/hashicorp/template\"]",
      "instances": [
        {
          "schema_version": 0,
          "attributes": {
            "filename": null,
            "id": "2c2d04d00f4caf696724c6f31200eead829b6775cbd29e29031cf276f1f0f1a2",
            "rendered": "#!/bin/bash\n\n# Detect the OS and install necessary packages\nif [ -f /etc/os-release ]; then\n    . /etc/os-release\n    OS=$ID\nelse\n    OS=$(uname -s)\nfi\n\nif [ \"$OS\" == \"amzn\" ]; then\n    # Amazon Linux\n    sudo yum update -y\n    sudo yum install -y python3 python3-pip git\nelif [ \"$OS\" == \"ubuntu\" ]; then\n    # Ubuntu\n    sudo apt-get update -y\n    sudo apt-get install -y python3 python3-pip git\nelse\n    echo \"Unsupported OS: $OS\"\n    exit 1\nfi\n\n# Create a directory for the application\nmkdir -p /home/ec2-user/python_server\ncd /home/ec2-user/python_server\n\n# Clone the repository\ngit clone https://github.com/Miteshdv/python_server.git .\ncd python_server\n\n# Set up a virtual environment\npython3 -m venv venv\nsource venv/bin/activate\n\n# Install dependencies\npip install -r requirements.txt\npip install gunicorn\n\n# Create a systemd service for gunicorn\nsudo tee /etc/systemd/system/gunicorn.service \u003e /dev/null \u003c\u003cEOT\n[Unit]\nDescription=Gunicorn instance to serve python_server\nAfter=network.target\n\n[Service]\nUser=ec2-user\nGroup=ec2-user\nWorkingDirectory=/home/ec2-user/python_server\nEnvironment=\"PATH=/home/ec2-user/python_server/venv/bin\"\nExecStart=/home/ec2-user/python_server/venv/bin/gunicorn --workers 3 --bind 0.0.0.0:8000 wsgi:app\n\n[Install]\nWantedBy=multi-user.target\nEOT\n\n# Start and enable the gunicorn service\nsudo systemctl daemon-reload\nsudo systemctl start gunicorn\nsudo systemctl enable gunicorn",
            "template": "#!/bin/bash\n\n# Detect the OS and install necessary packages\nif [ -f /etc/os-release ]; then\n    . /etc/os-release\n    OS=$ID\nelse\n    OS=$(uname -s)\nfi\n\nif [ \"$OS\" == \"amzn\" ]; then\n    # Amazon Linux\n    sudo yum update -y\n    sudo yum install -y python3 python3-pip git\nelif [ \"$OS\" == \"ubuntu\" ]; then\n    # Ubuntu\n    sudo apt-get update -y\n    sudo apt-get install -y python3 python3-pip git\nelse\n    echo \"Unsupported OS: $OS\"\n    exit 1\nfi\n\n# Create a directory for the application\nmkdir -p /home/ec2-user/python_server\ncd /home/ec2-user/python_server\n\n# Clone the repository\ngit clone https://github.com/Miteshdv/python_server.git .\ncd python_server\n\n# Set up a virtual environment\npython3 -m venv venv\nsource venv/bin/activate\n\n# Install dependencies\npip install -r requirements.txt\npip install gunicorn\n\n# Create a systemd service for gunicorn\nsudo tee /etc/systemd/system/gunicorn.service \u003e /dev/null \u003c\u003cEOT\n[Unit]\nDescription=Gunicorn instance to serve python_server\nAfter=network.target\n\n[Service]\nUser=ec2-user\nGroup=ec2-user\nWorkingDirectory=/home/ec2-user/python_server\nEnvironment=\"PATH=/home/ec2-user/python_server/venv/bin\"\nExecStart=/home/ec2-user/python_server/venv/bin/gunicorn --workers 3 --bind 0.0.0.0:8000 wsgi:app\n\n[Install]\nWantedBy=multi-user.target\nEOT\n\n# Start and enable the gunicorn service\nsudo systemctl daemon-reload\nsudo systemctl start gunicorn\nsudo systemctl enable gunicorn",
            "vars": {
              "cluster_name": "python-eks-cluster"
            }
          },
          "sensitive_attributes": []
        }
      ]
    },
    {
      "module": "module.eks_workers",
      "mode": "managed",
      "type": "aws_autoscaling_group",
      "name": "eks_worker",
      "provider": "provider[\"registry.terraform.io/hashicorp/aws\"]",
      "instances": [
        {
          "schema_version": 1,
          "attributes": {
            "arn": "arn:aws:autoscaling:us-west-2:674541888232:autoScalingGroup:946f5a31-b2f4-46d7-9a13-02e03d1c3cd6:autoScalingGroupName/terraform-20241213163252822600000009",
            "availability_zones": [
              "us-west-2a",
              "us-west-2b"
            ],
            "capacity_rebalance": false,
            "context": "",
            "default_cooldown": 300,
            "default_instance_warmup": 0,
            "desired_capacity": 2,
            "desired_capacity_type": "",
            "enabled_metrics": null,
            "force_delete": false,
            "force_delete_warm_pool": false,
            "health_check_grace_period": 300,
            "health_check_type": "EC2",
            "id": "terraform-20241213163252822600000009",
            "ignore_failed_scaling_activities": false,
            "initial_lifecycle_hook": [],
            "instance_maintenance_policy": [],
            "instance_refresh": [],
            "launch_configuration": "",
            "launch_template": [
              {
                "id": "lt-0095fd3279f45d9f6",
                "name": "python-eks-cluster-worker20241213163246124300000007",
                "version": "$Latest"
              }
            ],
            "load_balancers": [],
            "max_instance_lifetime": 0,
            "max_size": 3,
            "metrics_granularity": "1Minute",
            "min_elb_capacity": null,
            "min_size": 1,
            "mixed_instances_policy": [],
            "name": "terraform-20241213163252822600000009",
            "name_prefix": "terraform-",
            "placement_group": "",
            "predicted_capacity": 0,
            "protect_from_scale_in": false,
            "service_linked_role_arn": "arn:aws:iam::674541888232:role/aws-service-role/autoscaling.amazonaws.com/AWSServiceRoleForAutoScaling",
            "suspended_processes": null,
            "tag": [
              {
                "key": "Name",
                "propagate_at_launch": true,
                "value": "python-eks-cluster-worker"
              },
              {
                "key": "kubernetes.io/cluster/python-eks-cluster",
                "propagate_at_launch": true,
                "value": "owned"
              }
            ],
            "target_group_arns": [],
            "termination_policies": null,
            "timeouts": null,
            "traffic_source": [],
            "vpc_zone_identifier": [
              "subnet-0d2a752f61ed24ed9",
              "subnet-0e17922d0c402bc9e"
            ],
            "wait_for_capacity_timeout": "10m",
            "wait_for_elb_capacity": null,
            "warm_pool": [],
            "warm_pool_size": 0
          },
          "sensitive_attributes": [],
          "private": "eyJlMmJmYjczMC1lY2FhLTExZTYtOGY4OC0zNDM2M2JjN2M0YzAiOnsiZGVsZXRlIjo2MDAwMDAwMDAwMDAsInVwZGF0ZSI6NjAwMDAwMDAwMDAwfSwic2NoZW1hX3ZlcnNpb24iOiIxIn0=",
          "dependencies": [
            "module.eks.aws_eks_cluster.this",
            "module.eks_workers.aws_launch_template.eks_worker",
            "module.eks_workers.data.template_file.user_data",
            "module.iam.aws_iam_instance_profile.eks_worker_profile",
            "module.iam.aws_iam_role.eks_cluster_role",
            "module.iam.aws_iam_role.eks_worker_role",
            "module.security_group.aws_security_group.ec2_security-grp",
            "module.vpc.aws_subnet.public",
            "module.vpc.aws_vpc.this"
          ]
        }
      ]
    },
    {
      "module": "module.eks_workers",
      "mode": "managed",
      "type": "aws_launch_template",
      "name": "eks_worker",
      "provider": "provider[\"registry.terraform.io/hashicorp/aws\"]",
      "instances": [
        {
          "schema_version": 0,
          "attributes": {
            "arn": "arn:aws:ec2:us-west-2:674541888232:launch-template/lt-0095fd3279f45d9f6",
            "block_device_mappings": [],
            "capacity_reservation_specification": [],
            "cpu_options": [],
            "credit_specification": [],
            "default_version": 1,
            "description": "",
            "disable_api_stop": false,
            "disable_api_termination": false,
            "ebs_optimized": "",
            "elastic_gpu_specifications": [],
            "elastic_inference_accelerator": [],
            "enclave_options": [],
            "hibernation_options": [],
            "iam_instance_profile": [
              {
                "arn": "",
                "name": "eks_worker_profile"
              }
            ],
            "id": "lt-0095fd3279f45d9f6",
            "image_id": "ami-055e3d4f0bbeb5878",
            "instance_initiated_shutdown_behavior": "",
            "instance_market_options": [],
            "instance_requirements": [],
            "instance_type": "t2.micro",
            "kernel_id": "",
            "key_name": "AWS_Web_server_Key_pair",
            "latest_version": 1,
            "license_specification": [],
            "maintenance_options": [],
            "metadata_options": [],
            "monitoring": [],
            "name": "python-eks-cluster-worker20241213163246124300000007",
            "name_prefix": "python-eks-cluster-worker",
            "network_interfaces": [
              {
                "associate_carrier_ip_address": "",
                "associate_public_ip_address": "",
                "delete_on_termination": "",
                "description": "",
                "device_index": 0,
                "interface_type": "",
                "ipv4_address_count": 0,
                "ipv4_addresses": null,
                "ipv4_prefix_count": 0,
                "ipv4_prefixes": null,
                "ipv6_address_count": 0,
                "ipv6_addresses": null,
                "ipv6_prefix_count": 0,
                "ipv6_prefixes": null,
                "network_card_index": 0,
                "network_interface_id": "",
                "primary_ipv6": "",
                "private_ip_address": "",
                "security_groups": [
                  "sg-06a7d4ad778dc73d4"
                ],
                "subnet_id": ""
              }
            ],
            "placement": [],
            "private_dns_name_options": [],
            "ram_disk_id": "",
            "security_group_names": null,
            "tag_specifications": [
              {
                "resource_type": "instance",
                "tags": {
                  "Name": "python-eks-cluster-worker"
                }
              }
            ],
            "tags": null,
            "tags_all": {},
            "update_default_version": null,
            "user_data": "IyEvYmluL2Jhc2gKCiMgRGV0ZWN0IHRoZSBPUyBhbmQgaW5zdGFsbCBuZWNlc3NhcnkgcGFja2FnZXMKaWYgWyAtZiAvZXRjL29zLXJlbGVhc2UgXTsgdGhlbgogICAgLiAvZXRjL29zLXJlbGVhc2UKICAgIE9TPSRJRAplbHNlCiAgICBPUz0kKHVuYW1lIC1zKQpmaQoKaWYgWyAiJE9TIiA9PSAiYW16biIgXTsgdGhlbgogICAgIyBBbWF6b24gTGludXgKICAgIHN1ZG8geXVtIHVwZGF0ZSAteQogICAgc3VkbyB5dW0gaW5zdGFsbCAteSBweXRob24zIHB5dGhvbjMtcGlwIGdpdAplbGlmIFsgIiRPUyIgPT0gInVidW50dSIgXTsgdGhlbgogICAgIyBVYnVudHUKICAgIHN1ZG8gYXB0LWdldCB1cGRhdGUgLXkKICAgIHN1ZG8gYXB0LWdldCBpbnN0YWxsIC15IHB5dGhvbjMgcHl0aG9uMy1waXAgZ2l0CmVsc2UKICAgIGVjaG8gIlVuc3VwcG9ydGVkIE9TOiAkT1MiCiAgICBleGl0IDEKZmkKCiMgQ3JlYXRlIGEgZGlyZWN0b3J5IGZvciB0aGUgYXBwbGljYXRpb24KbWtkaXIgLXAgL2hvbWUvZWMyLXVzZXIvcHl0aG9uX3NlcnZlcgpjZCAvaG9tZS9lYzItdXNlci9weXRob25fc2VydmVyCgojIENsb25lIHRoZSByZXBvc2l0b3J5CmdpdCBjbG9uZSBodHRwczovL2dpdGh1Yi5jb20vTWl0ZXNoZHYvcHl0aG9uX3NlcnZlci5naXQgLgpjZCBweXRob25fc2VydmVyCgojIFNldCB1cCBhIHZpcnR1YWwgZW52aXJvbm1lbnQKcHl0aG9uMyAtbSB2ZW52IHZlbnYKc291cmNlIHZlbnYvYmluL2FjdGl2YXRlCgojIEluc3RhbGwgZGVwZW5kZW5jaWVzCnBpcCBpbnN0YWxsIC1yIHJlcXVpcmVtZW50cy50eHQKcGlwIGluc3RhbGwgZ3VuaWNvcm4KCiMgQ3JlYXRlIGEgc3lzdGVtZCBzZXJ2aWNlIGZvciBndW5pY29ybgpzdWRvIHRlZSAvZXRjL3N5c3RlbWQvc3lzdGVtL2d1bmljb3JuLnNlcnZpY2UgPiAvZGV2L251bGwgPDxFT1QKW1VuaXRdCkRlc2NyaXB0aW9uPUd1bmljb3JuIGluc3RhbmNlIHRvIHNlcnZlIHB5dGhvbl9zZXJ2ZXIKQWZ0ZXI9bmV0d29yay50YXJnZXQKCltTZXJ2aWNlXQpVc2VyPWVjMi11c2VyCkdyb3VwPWVjMi11c2VyCldvcmtpbmdEaXJlY3Rvcnk9L2hvbWUvZWMyLXVzZXIvcHl0aG9uX3NlcnZlcgpFbnZpcm9ubWVudD0iUEFUSD0vaG9tZS9lYzItdXNlci9weXRob25fc2VydmVyL3ZlbnYvYmluIgpFeGVjU3RhcnQ9L2hvbWUvZWMyLXVzZXIvcHl0aG9uX3NlcnZlci92ZW52L2Jpbi9ndW5pY29ybiAtLXdvcmtlcnMgMyAtLWJpbmQgMC4wLjAuMDo4MDAwIHdzZ2k6YXBwCgpbSW5zdGFsbF0KV2FudGVkQnk9bXVsdGktdXNlci50YXJnZXQKRU9UCgojIFN0YXJ0IGFuZCBlbmFibGUgdGhlIGd1bmljb3JuIHNlcnZpY2UKc3VkbyBzeXN0ZW1jdGwgZGFlbW9uLXJlbG9hZApzdWRvIHN5c3RlbWN0bCBzdGFydCBndW5pY29ybgpzdWRvIHN5c3RlbWN0bCBlbmFibGUgZ3VuaWNvcm4=",
            "vpc_security_group_ids": null
          },
          "sensitive_attributes": [],
          "private": "bnVsbA==",
          "dependencies": [
            "module.eks.aws_eks_cluster.this",
            "module.eks_workers.data.template_file.user_data",
            "module.iam.aws_iam_instance_profile.eks_worker_profile",
            "module.iam.aws_iam_role.eks_cluster_role",
            "module.iam.aws_iam_role.eks_worker_role",
            "module.security_group.aws_security_group.ec2_security-grp",
            "module.vpc.aws_subnet.public",
            "module.vpc.aws_vpc.this"
          ]
        }
      ]
    },
    {
      "module": "module.iam",
      "mode": "managed",
      "type": "aws_iam_instance_profile",
      "name": "eks_worker_profile",
      "provider": "provider[\"registry.terraform.io/hashicorp/aws\"]",
      "instances": [
        {
          "schema_version": 0,
          "attributes": {
            "arn": "arn:aws:iam::674541888232:instance-profile/eks_worker_profile",
            "create_date": "2024-12-13T16:24:33Z",
            "id": "eks_worker_profile",
            "name": "eks_worker_profile",
            "name_prefix": "",
            "path": "/",
            "role": "eks_worker_role",
            "tags": null,
            "tags_all": {},
            "unique_id": "AIPAZ2DOUMLUANXKS6BA4"
          },
          "sensitive_attributes": [],
          "private": "bnVsbA==",
          "dependencies": [
            "module.iam.aws_iam_role.eks_worker_role"
          ]
        }
      ]
    },
    {
      "module": "module.iam",
      "mode": "managed",
      "type": "aws_iam_role",
      "name": "eks_cluster_role",
      "provider": "provider[\"registry.terraform.io/hashicorp/aws\"]",
      "instances": [
        {
          "schema_version": 0,
          "attributes": {
            "arn": "arn:aws:iam::674541888232:role/eks_cluster_role",
            "assume_role_policy": "{\"Statement\":[{\"Action\":\"sts:AssumeRole\",\"Effect\":\"Allow\",\"Principal\":{\"Service\":\"eks.amazonaws.com\"}}],\"Version\":\"2012-10-17\"}",
            "create_date": "2024-12-13T16:24:33Z",
            "description": "",
            "force_detach_policies": false,
            "id": "eks_cluster_role",
            "inline_policy": [],
            "managed_policy_arns": [],
            "max_session_duration": 3600,
            "name": "eks_cluster_role",
            "name_prefix": "",
            "path": "/",
            "permissions_boundary": "",
            "tags": null,
            "tags_all": {},
            "unique_id": "AROAZ2DOUMLUHSVY5IZLP"
          },
          "sensitive_attributes": [],
          "private": "bnVsbA=="
        }
      ]
    },
    {
      "module": "module.iam",
      "mode": "managed",
      "type": "aws_iam_role",
      "name": "eks_worker_role",
      "provider": "provider[\"registry.terraform.io/hashicorp/aws\"]",
      "instances": [
        {
          "schema_version": 0,
          "attributes": {
            "arn": "arn:aws:iam::674541888232:role/eks_worker_role",
            "assume_role_policy": "{\"Statement\":[{\"Action\":\"sts:AssumeRole\",\"Effect\":\"Allow\",\"Principal\":{\"Service\":\"ec2.amazonaws.com\"}}],\"Version\":\"2012-10-17\"}",
            "create_date": "2024-12-13T16:24:33Z",
            "description": "",
            "force_detach_policies": false,
            "id": "eks_worker_role",
            "inline_policy": [],
            "managed_policy_arns": [],
            "max_session_duration": 3600,
            "name": "eks_worker_role",
            "name_prefix": "",
            "path": "/",
            "permissions_boundary": "",
            "tags": null,
            "tags_all": {},
            "unique_id": "AROAZ2DOUMLUFY5WKCK5W"
          },
          "sensitive_attributes": [],
          "private": "bnVsbA=="
        }
      ]
    },
    {
      "module": "module.iam",
      "mode": "managed",
      "type": "aws_iam_role_policy_attachment",
      "name": "ec2_container_registry_read_only",
      "provider": "provider[\"registry.terraform.io/hashicorp/aws\"]",
      "instances": [
        {
          "schema_version": 0,
          "attributes": {
            "id": "eks_worker_role-20241213162433958900000005",
            "policy_arn": "arn:aws:iam::aws:policy/AmazonEC2ContainerRegistryReadOnly",
            "role": "eks_worker_role"
          },
          "sensitive_attributes": [],
          "private": "bnVsbA==",
          "dependencies": [
            "module.iam.aws_iam_role.eks_worker_role"
          ]
        }
      ]
    },
    {
      "module": "module.iam",
      "mode": "managed",
      "type": "aws_iam_role_policy_attachment",
      "name": "eks_cluster_policy",
      "provider": "provider[\"registry.terraform.io/hashicorp/aws\"]",
      "instances": [
        {
          "schema_version": 0,
          "attributes": {
            "id": "eks_cluster_role-20241213162433838000000003",
            "policy_arn": "arn:aws:iam::aws:policy/AmazonEKSClusterPolicy",
            "role": "eks_cluster_role"
          },
          "sensitive_attributes": [],
          "private": "bnVsbA==",
          "dependencies": [
            "module.iam.aws_iam_role.eks_cluster_role"
          ]
        }
      ]
    },
    {
      "module": "module.iam",
      "mode": "managed",
      "type": "aws_iam_role_policy_attachment",
      "name": "eks_cni_policy",
      "provider": "provider[\"registry.terraform.io/hashicorp/aws\"]",
      "instances": [
        {
          "schema_version": 0,
          "attributes": {
            "id": "eks_worker_role-20241213162433690800000001",
            "policy_arn": "arn:aws:iam::aws:policy/AmazonEKS_CNI_Policy",
            "role": "eks_worker_role"
          },
          "sensitive_attributes": [],
          "private": "bnVsbA==",
          "dependencies": [
            "module.iam.aws_iam_role.eks_worker_role"
          ]
        }
      ]
    },
    {
      "module": "module.iam",
      "mode": "managed",
      "type": "aws_iam_role_policy_attachment",
      "name": "eks_service_policy",
      "provider": "provider[\"registry.terraform.io/hashicorp/aws\"]",
      "instances": [
        {
          "schema_version": 0,
          "attributes": {
            "id": "eks_cluster_role-20241213162433908400000004",
            "policy_arn": "arn:aws:iam::aws:policy/AmazonEKSServicePolicy",
            "role": "eks_cluster_role"
          },
          "sensitive_attributes": [],
          "private": "bnVsbA==",
          "dependencies": [
            "module.iam.aws_iam_role.eks_cluster_role"
          ]
        }
      ]
    },
    {
      "module": "module.iam",
      "mode": "managed",
      "type": "aws_iam_role_policy_attachment",
      "name": "eks_worker_node_policy",
      "provider": "provider[\"registry.terraform.io/hashicorp/aws\"]",
      "instances": [
        {
          "schema_version": 0,
          "attributes": {
            "id": "eks_worker_role-20241213162433720400000002",
            "policy_arn": "arn:aws:iam::aws:policy/AmazonEKSWorkerNodePolicy",
            "role": "eks_worker_role"
          },
          "sensitive_attributes": [],
          "private": "bnVsbA==",
          "dependencies": [
            "module.iam.aws_iam_role.eks_worker_role"
          ]
        }
      ]
    },
    {
      "module": "module.security_group",
      "mode": "managed",
      "type": "aws_security_group",
      "name": "ec2_security-grp",
      "provider": "provider[\"registry.terraform.io/hashicorp/aws\"]",
      "instances": [
        {
          "schema_version": 1,
          "attributes": {
            "arn": "arn:aws:ec2:us-west-2:674541888232:security-group/sg-06a7d4ad778dc73d4",
            "description": "ECS security group",
            "egress": [
              {
                "cidr_blocks": [
                  "0.0.0.0/0"
                ],
                "description": "",
                "from_port": 0,
                "ipv6_cidr_blocks": [],
                "prefix_list_ids": [],
                "protocol": "-1",
                "security_groups": [],
                "self": false,
                "to_port": 0
              }
            ],
            "id": "sg-06a7d4ad778dc73d4",
            "ingress": [
              {
                "cidr_blocks": [
                  "0.0.0.0/0"
                ],
                "description": "",
                "from_port": 8000,
                "ipv6_cidr_blocks": [],
                "prefix_list_ids": [],
                "protocol": "tcp",
                "security_groups": [],
                "self": false,
                "to_port": 8000
              },
              {
                "cidr_blocks": [
                  "0.0.0.0/0"
                ],
                "description": "Allow SSH from EC2 Instance Connect",
                "from_port": 22,
                "ipv6_cidr_blocks": [],
                "prefix_list_ids": [],
                "protocol": "tcp",
                "security_groups": [],
                "self": false,
                "to_port": 22
              }
            ],
            "name": "ec2-sg",
            "name_prefix": "",
            "owner_id": "674541888232",
            "revoke_rules_on_delete": false,
            "tags": null,
            "tags_all": {},
            "timeouts": null,
            "vpc_id": "vpc-0588a048678eb1be1"
          },
          "sensitive_attributes": [],
          "private": "eyJlMmJmYjczMC1lY2FhLTExZTYtOGY4OC0zNDM2M2JjN2M0YzAiOnsiY3JlYXRlIjo2MDAwMDAwMDAwMDAsImRlbGV0ZSI6OTAwMDAwMDAwMDAwfSwic2NoZW1hX3ZlcnNpb24iOiIxIn0=",
          "dependencies": [
            "module.vpc.aws_vpc.this"
          ]
        }
      ]
    },
    {
      "module": "module.vpc",
      "mode": "managed",
      "type": "aws_internet_gateway",
      "name": "this",
      "provider": "provider[\"registry.terraform.io/hashicorp/aws\"]",
      "instances": [
        {
          "schema_version": 0,
          "attributes": {
            "arn": "arn:aws:ec2:us-west-2:674541888232:internet-gateway/igw-0df43b8fbab182928",
            "id": "igw-0df43b8fbab182928",
            "owner_id": "674541888232",
            "tags": {
              "Name": "ecs-vpc"
            },
            "tags_all": {
              "Name": "ecs-vpc"
            },
            "timeouts": null,
            "vpc_id": "vpc-0588a048678eb1be1"
          },
          "sensitive_attributes": [],
          "private": "eyJlMmJmYjczMC1lY2FhLTExZTYtOGY4OC0zNDM2M2JjN2M0YzAiOnsiY3JlYXRlIjoxMjAwMDAwMDAwMDAwLCJkZWxldGUiOjEyMDAwMDAwMDAwMDAsInVwZGF0ZSI6MTIwMDAwMDAwMDAwMH19",
          "dependencies": [
            "module.vpc.aws_vpc.this"
          ]
        }
      ]
    },
    {
      "module": "module.vpc",
      "mode": "managed",
      "type": "aws_route_table",
      "name": "public",
      "provider": "provider[\"registry.terraform.io/hashicorp/aws\"]",
      "instances": [
        {
          "schema_version": 0,
          "attributes": {
            "arn": "arn:aws:ec2:us-west-2:674541888232:route-table/rtb-0133a9306566a4587",
            "id": "rtb-0133a9306566a4587",
            "owner_id": "674541888232",
            "propagating_vgws": [],
            "route": [
              {
                "carrier_gateway_id": "",
                "cidr_block": "0.0.0.0/0",
                "core_network_arn": "",
                "destination_prefix_list_id": "",
                "egress_only_gateway_id": "",
                "gateway_id": "igw-0df43b8fbab182928",
                "ipv6_cidr_block": "",
                "local_gateway_id": "",
                "nat_gateway_id": "",
                "network_interface_id": "",
                "transit_gateway_id": "",
                "vpc_endpoint_id": "",
                "vpc_peering_connection_id": ""
              }
            ],
            "tags": {
              "Name": "ecs-vpc-public"
            },
            "tags_all": {
              "Name": "ecs-vpc-public"
            },
            "timeouts": null,
            "vpc_id": "vpc-0588a048678eb1be1"
          },
          "sensitive_attributes": [],
          "private": "eyJlMmJmYjczMC1lY2FhLTExZTYtOGY4OC0zNDM2M2JjN2M0YzAiOnsiY3JlYXRlIjozMDAwMDAwMDAwMDAsImRlbGV0ZSI6MzAwMDAwMDAwMDAwLCJ1cGRhdGUiOjEyMDAwMDAwMDAwMH19",
          "dependencies": [
            "module.vpc.aws_internet_gateway.this",
            "module.vpc.aws_vpc.this"
          ]
        }
      ]
    },
    {
      "module": "module.vpc",
      "mode": "managed",
      "type": "aws_route_table_association",
      "name": "public",
      "provider": "provider[\"registry.terraform.io/hashicorp/aws\"]",
      "instances": [
        {
          "index_key": "0",
          "schema_version": 0,
          "attributes": {
            "gateway_id": "",
            "id": "rtbassoc-037c9df379327f5ac",
            "route_table_id": "rtb-0133a9306566a4587",
            "subnet_id": "subnet-0e17922d0c402bc9e",
            "timeouts": null
          },
          "sensitive_attributes": [],
          "private": "eyJlMmJmYjczMC1lY2FhLTExZTYtOGY4OC0zNDM2M2JjN2M0YzAiOnsiY3JlYXRlIjozMDAwMDAwMDAwMDAsImRlbGV0ZSI6MzAwMDAwMDAwMDAwLCJ1cGRhdGUiOjEyMDAwMDAwMDAwMH19",
          "dependencies": [
            "module.vpc.aws_internet_gateway.this",
            "module.vpc.aws_route_table.public",
            "module.vpc.aws_subnet.public",
            "module.vpc.aws_vpc.this"
          ]
        },
        {
          "index_key": "1",
          "schema_version": 0,
          "attributes": {
            "gateway_id": "",
            "id": "rtbassoc-00e6f7af1c6d92847",
            "route_table_id": "rtb-0133a9306566a4587",
            "subnet_id": "subnet-0d2a752f61ed24ed9",
            "timeouts": null
          },
          "sensitive_attributes": [],
          "private": "eyJlMmJmYjczMC1lY2FhLTExZTYtOGY4OC0zNDM2M2JjN2M0YzAiOnsiY3JlYXRlIjozMDAwMDAwMDAwMDAsImRlbGV0ZSI6MzAwMDAwMDAwMDAwLCJ1cGRhdGUiOjEyMDAwMDAwMDAwMH19",
          "dependencies": [
            "module.vpc.aws_internet_gateway.this",
            "module.vpc.aws_route_table.public",
            "module.vpc.aws_subnet.public",
            "module.vpc.aws_vpc.this"
          ]
        }
      ]
    },
    {
      "module": "module.vpc",
      "mode": "managed",
      "type": "aws_subnet",
      "name": "public",
      "provider": "provider[\"registry.terraform.io/hashicorp/aws\"]",
      "instances": [
        {
          "index_key": "0",
          "schema_version": 1,
          "attributes": {
            "arn": "arn:aws:ec2:us-west-2:674541888232:subnet/subnet-0e17922d0c402bc9e",
            "assign_ipv6_address_on_creation": false,
            "availability_zone": "us-west-2a",
            "availability_zone_id": "usw2-az1",
            "cidr_block": "10.0.1.0/24",
            "customer_owned_ipv4_pool": "",
            "enable_dns64": false,
            "enable_lni_at_device_index": 0,
            "enable_resource_name_dns_a_record_on_launch": false,
            "enable_resource_name_dns_aaaa_record_on_launch": false,
            "id": "subnet-0e17922d0c402bc9e",
            "ipv6_cidr_block": "",
            "ipv6_cidr_block_association_id": "",
            "ipv6_native": false,
            "map_customer_owned_ip_on_launch": false,
            "map_public_ip_on_launch": true,
            "outpost_arn": "",
            "owner_id": "674541888232",
            "private_dns_hostname_type_on_launch": "ip-name",
            "tags": {
              "Name": "ecs-vpc-public-0"
            },
            "tags_all": {
              "Name": "ecs-vpc-public-0"
            },
            "timeouts": null,
            "vpc_id": "vpc-0588a048678eb1be1"
          },
          "sensitive_attributes": [],
          "private": "eyJlMmJmYjczMC1lY2FhLTExZTYtOGY4OC0zNDM2M2JjN2M0YzAiOnsiY3JlYXRlIjo2MDAwMDAwMDAwMDAsImRlbGV0ZSI6MTIwMDAwMDAwMDAwMH0sInNjaGVtYV92ZXJzaW9uIjoiMSJ9",
          "dependencies": [
            "module.vpc.aws_vpc.this"
          ]
        },
        {
          "index_key": "1",
          "schema_version": 1,
          "attributes": {
            "arn": "arn:aws:ec2:us-west-2:674541888232:subnet/subnet-0d2a752f61ed24ed9",
            "assign_ipv6_address_on_creation": false,
            "availability_zone": "us-west-2b",
            "availability_zone_id": "usw2-az2",
            "cidr_block": "10.0.2.0/24",
            "customer_owned_ipv4_pool": "",
            "enable_dns64": false,
            "enable_lni_at_device_index": 0,
            "enable_resource_name_dns_a_record_on_launch": false,
            "enable_resource_name_dns_aaaa_record_on_launch": false,
            "id": "subnet-0d2a752f61ed24ed9",
            "ipv6_cidr_block": "",
            "ipv6_cidr_block_association_id": "",
            "ipv6_native": false,
            "map_customer_owned_ip_on_launch": false,
            "map_public_ip_on_launch": true,
            "outpost_arn": "",
            "owner_id": "674541888232",
            "private_dns_hostname_type_on_launch": "ip-name",
            "tags": {
              "Name": "ecs-vpc-public-1"
            },
            "tags_all": {
              "Name": "ecs-vpc-public-1"
            },
            "timeouts": null,
            "vpc_id": "vpc-0588a048678eb1be1"
          },
          "sensitive_attributes": [],
          "private": "eyJlMmJmYjczMC1lY2FhLTExZTYtOGY4OC0zNDM2M2JjN2M0YzAiOnsiY3JlYXRlIjo2MDAwMDAwMDAwMDAsImRlbGV0ZSI6MTIwMDAwMDAwMDAwMH0sInNjaGVtYV92ZXJzaW9uIjoiMSJ9",
          "dependencies": [
            "module.vpc.aws_vpc.this"
          ]
        }
      ]
    },
    {
      "module": "module.vpc",
      "mode": "managed",
      "type": "aws_vpc",
      "name": "this",
      "provider": "provider[\"registry.terraform.io/hashicorp/aws\"]",
      "instances": [
        {
          "schema_version": 1,
          "attributes": {
            "arn": "arn:aws:ec2:us-west-2:674541888232:vpc/vpc-0588a048678eb1be1",
            "assign_generated_ipv6_cidr_block": false,
            "cidr_block": "10.0.0.0/16",
            "default_network_acl_id": "acl-00050fe07b7014f0b",
            "default_route_table_id": "rtb-0cfd93b17d58cecfe",
            "default_security_group_id": "sg-0b074803cfd5245f7",
            "dhcp_options_id": "dopt-06e5265d6328d4581",
            "enable_dns_hostnames": false,
            "enable_dns_support": true,
            "enable_network_address_usage_metrics": false,
            "id": "vpc-0588a048678eb1be1",
            "instance_tenancy": "default",
            "ipv4_ipam_pool_id": null,
            "ipv4_netmask_length": null,
            "ipv6_association_id": "",
            "ipv6_cidr_block": "",
            "ipv6_cidr_block_network_border_group": "",
            "ipv6_ipam_pool_id": "",
            "ipv6_netmask_length": 0,
            "main_route_table_id": "rtb-0cfd93b17d58cecfe",
            "owner_id": "674541888232",
            "tags": {
              "Name": "ecs-vpc"
            },
            "tags_all": {
              "Name": "ecs-vpc"
            }
          },
          "sensitive_attributes": [],
          "private": "eyJzY2hlbWFfdmVyc2lvbiI6IjEifQ=="
        }
      ]
    }
  ],
  "check_results": null
}
